github.com/cespare/xxhash/v2 v2.1.2 h1:YRXhKfTDauu4ajMg1TPgFO5jnlC2HCbmLXMcTG5cbYE=
github.com/cespare/xxhash/v2 v2.1.2/go.mod h1:VGX0DQ3Q6kWi7AoAeZDth3/j3BFtOZR5XLFGgcrjCOs=
github.com/ecnepsnai/logtic v1.9.1 h1:EmN1g7p+xtCZMzuICnVSYsNclJSG9n+X3K8FOdffFi8=
github.com/ecnepsnai/logtic v1.9.1/go.mod h1:fs2kkqGqiX77ejVNBKpSV/dMVtn9bTg9YtHLP9MC0U8=
github.com/pelletier/go-toml v1.9.4 h1:tjENF6MfZAg8e4ZmZTeWaWiT2vXtsoO6+iuOjFhECwM=
github.com/pelletier/go-toml v1.9.4/go.mod h1:u1nR/EPcESfeI/szUZKdtJ0xRNbUoANCkoOuaOx1Y+c=
